# THIS IS AN AUTOGENERATED FILE. DO NOT EDIT THIS FILE DIRECTLY.
# yarn lockfile v1


"@csstools/cascade-layer-name-parser@^1.0.0":
  "integrity" "sha512-SAAi5DpgJJWkfTvWSaqkgyIsTawa83hMwKrktkj6ra2h+q6ZN57vOGZ6ySHq6RSo+CbP64fA3aPChPBRDDUgtw=="
  "resolved" "https://registry.npmjs.org/@csstools/cascade-layer-name-parser/-/cascade-layer-name-parser-1.0.1.tgz"
  "version" "1.0.1"

"@csstools/color-helpers@^1.0.0":
  "integrity" "sha512-tgqtiV8sU/VaWYjOB3O7PWs7HR/MmOLl2kTYRW2qSsTSEniJq7xmyAYFB1LPpXvvQcE5u2ih2dK9fyc8BnrAGQ=="
  "resolved" "https://registry.npmjs.org/@csstools/color-helpers/-/color-helpers-1.0.0.tgz"
  "version" "1.0.0"

"@csstools/css-calc@^1.0.0":
  "integrity" "sha512-Xw0b/Jr+vLGGYD8cxsGWPaY5n1GtVC6G4tcga+eZPXZzRjjZHorPwW739UgtXzL2Da1RLxNE73c0r/KvmizPsw=="
  "resolved" "https://registry.npmjs.org/@csstools/css-calc/-/css-calc-1.0.0.tgz"
  "version" "1.0.0"

"@csstools/css-parser-algorithms@^2.0.0", "@csstools/css-parser-algorithms@^2.0.1":
  "integrity" "sha512-B9/8PmOtU6nBiibJg0glnNktQDZ3rZnGn/7UmDfrm2vMtrdlXO3p7ErE95N0up80IRk9YEtB5jyj/TmQ1WH3dw=="
  "resolved" "https://registry.npmjs.org/@csstools/css-parser-algorithms/-/css-parser-algorithms-2.0.1.tgz"
  "version" "2.0.1"

"@csstools/css-tokenizer@^2.0.0", "@csstools/css-tokenizer@^2.0.1":
  "integrity" "sha512-dtqFyoJBHUxGi9zPZdpCKP1xk8tq6KPHJ/NY4qWXiYo6IcSGwzk3L8x2XzZbbyOyBs9xQARoGveU2AsgLj6D2A=="
  "resolved" "https://registry.npmjs.org/@csstools/css-tokenizer/-/css-tokenizer-2.1.0.tgz"
  "version" "2.1.0"

"@csstools/media-query-list-parser@^2.0.0":
  "integrity" "sha512-X2/OuzEbjaxhzm97UJ+95GrMeT29d1Ib+Pu+paGLuRWZnWRK9sI9r3ikmKXPWGA1C4y4JEdBEFpp9jEqCvLeRA=="
  "resolved" "https://registry.npmjs.org/@csstools/media-query-list-parser/-/media-query-list-parser-2.0.1.tgz"
  "version" "2.0.1"

"@csstools/postcss-cascade-layers@^3.0.0":
  "integrity" "sha512-dD8W98dOYNOH/yX4V4HXOhfCOnvVAg8TtsL+qCGNoKXuq5z2C/d026wGWgySgC8cajXXo/wNezS31Glj5GcqrA=="
  "resolved" "https://registry.npmjs.org/@csstools/postcss-cascade-layers/-/postcss-cascade-layers-3.0.1.tgz"
  "version" "3.0.1"
  dependencies:
    "@csstools/selector-specificity" "^2.0.2"
    "postcss-selector-parser" "^6.0.10"

"@csstools/postcss-color-function@^2.0.0":
  "integrity" "sha512-XBoCClLyWchlYGHGlmMOa6M2UXZNrZm63HVfsvgD/z1RPm/s3+FhHyT6VkDo+OvEBPhCgn6xz4IeCu4pRctKDQ=="
  "resolved" "https://registry.npmjs.org/@csstools/postcss-color-function/-/postcss-color-function-2.1.0.tgz"
  "version" "2.1.0"
  dependencies:
    "@csstools/color-helpers" "^1.0.0"
    "@csstools/postcss-progressive-custom-properties" "^2.0.0"
    "postcss-value-parser" "^4.2.0"

"@csstools/postcss-font-format-keywords@^2.0.0":
  "integrity" "sha512-iKYZlIs6JsNT7NKyRjyIyezTCHLh4L4BBB3F5Nx7Dc4Z/QmBgX+YJFuUSar8IM6KclGiAUFGomXFdYxAwJydlA=="
  "resolved" "https://registry.npmjs.org/@csstools/postcss-font-format-keywords/-/postcss-font-format-keywords-2.0.2.tgz"
  "version" "2.0.2"
  dependencies:
    "postcss-value-parser" "^4.2.0"

"@csstools/postcss-hwb-function@^2.0.0":
  "integrity" "sha512-XijKzdxBdH2hU6IcPWmnaU85FKEF1XE5hGy0d6dQC6XznFUIRu1T4uebL3krayX40m4xIcxfCBsQm5zphzVrtg=="
  "resolved" "https://registry.npmjs.org/@csstools/postcss-hwb-function/-/postcss-hwb-function-2.1.1.tgz"
  "version" "2.1.1"
  dependencies:
    "@csstools/color-helpers" "^1.0.0"
    "postcss-value-parser" "^4.2.0"

"@csstools/postcss-ic-unit@^2.0.0":
  "integrity" "sha512-N84qGTJkfLTPj2qOG5P4CIqGjpZBbjOEMKMn+UjO5wlb9lcBTfBsxCF0lQsFdWJUzBHYFOz19dL66v71WF3Pig=="
  "resolved" "https://registry.npmjs.org/@csstools/postcss-ic-unit/-/postcss-ic-unit-2.0.2.tgz"
  "version" "2.0.2"
  dependencies:
    "@csstools/postcss-progressive-custom-properties" "^2.0.0"
    "postcss-value-parser" "^4.2.0"

"@csstools/postcss-is-pseudo-class@^3.0.0":
  "integrity" "sha512-hhiacuby4YdUnnxfCYCRMBIobyJImozf0u+gHSbQ/tNOdwvmrZtVROvgW7zmfYuRkHVDNZJWZslq2v5jOU+j/A=="
  "resolved" "https://registry.npmjs.org/@csstools/postcss-is-pseudo-class/-/postcss-is-pseudo-class-3.1.1.tgz"
  "version" "3.1.1"
  dependencies:
    "@csstools/selector-specificity" "^2.0.0"
    "postcss-selector-parser" "^6.0.10"

"@csstools/postcss-logical-float-and-clear@^1.0.0":
  "integrity" "sha512-eO9z2sMLddvlfFEW5Fxbjyd03zaO7cJafDurK4rCqyRt9P7aaWwha0LcSzoROlcZrw1NBV2JAp2vMKfPMQO1xw=="
  "resolved" "https://registry.npmjs.org/@csstools/postcss-logical-float-and-clear/-/postcss-logical-float-and-clear-1.0.1.tgz"
  "version" "1.0.1"

"@csstools/postcss-logical-resize@^1.0.0":
  "integrity" "sha512-x1ge74eCSvpBkDDWppl+7FuD2dL68WP+wwP2qvdUcKY17vJksz+XoE1ZRV38uJgS6FNUwC0AxrPW5gy3MxsDHQ=="
  "resolved" "https://registry.npmjs.org/@csstools/postcss-logical-resize/-/postcss-logical-resize-1.0.1.tgz"
  "version" "1.0.1"
  dependencies:
    "postcss-value-parser" "^4.2.0"

"@csstools/postcss-logical-viewport-units@^1.0.0":
  "integrity" "sha512-nnKFywBqRMYjv5jyjSplD/nbAnboUEGFfdxKw1o34Y1nvycgqjQavhKkmxbORxroBBIDwC5y6SfgENcPPUcOxQ=="
  "resolved" "https://registry.npmjs.org/@csstools/postcss-logical-viewport-units/-/postcss-logical-viewport-units-1.0.2.tgz"
  "version" "1.0.2"
  dependencies:
    "@csstools/css-tokenizer" "^2.0.0"

"@csstools/postcss-media-queries-aspect-ratio-number-values@^1.0.0":
  "integrity" "sha512-V9yQqXdje6OfqDf6EL5iGOpi6N0OEczwYK83rql9UapQwFEryXlAehR5AqH8QqLYb6+y31wUXK6vMxCp0920Zg=="
  "resolved" "https://registry.npmjs.org/@csstools/postcss-media-queries-aspect-ratio-number-values/-/postcss-media-queries-aspect-ratio-number-values-1.0.1.tgz"
  "version" "1.0.1"
  dependencies:
    "@csstools/css-parser-algorithms" "^2.0.0"
    "@csstools/css-tokenizer" "^2.0.0"
    "@csstools/media-query-list-parser" "^2.0.0"

"@csstools/postcss-nested-calc@^2.0.0":
  "integrity" "sha512-jbwrP8rN4e7LNaRcpx3xpMUjhtt34I9OV+zgbcsYAAk6k1+3kODXJBf95/JMYWhu9g1oif7r06QVUgfWsKxCFw=="
  "resolved" "https://registry.npmjs.org/@csstools/postcss-nested-calc/-/postcss-nested-calc-2.0.2.tgz"
  "version" "2.0.2"
  dependencies:
    "postcss-value-parser" "^4.2.0"

"@csstools/postcss-normalize-display-values@^2.0.0":
  "integrity" "sha512-TQT5g3JQ5gPXC239YuRK8jFceXF9d25ZvBkyjzBGGoW5st5sPXFVQS8OjYb9IJ/K3CdfK4528y483cgS2DJR/w=="
  "resolved" "https://registry.npmjs.org/@csstools/postcss-normalize-display-values/-/postcss-normalize-display-values-2.0.1.tgz"
  "version" "2.0.1"
  dependencies:
    "postcss-value-parser" "^4.2.0"

"@csstools/postcss-oklab-function@^2.0.0":
  "integrity" "sha512-U/odSNjOVhagNRu+RDaNVbn8vaqA9GyCOoneQA2je7697KOrtRDc7/POrYsP7QioO2aaezDzKNX02wBzc99fkQ=="
  "resolved" "https://registry.npmjs.org/@csstools/postcss-oklab-function/-/postcss-oklab-function-2.1.0.tgz"
  "version" "2.1.0"
  dependencies:
    "@csstools/color-helpers" "^1.0.0"
    "@csstools/postcss-progressive-custom-properties" "^2.0.0"
    "postcss-value-parser" "^4.2.0"

"@csstools/postcss-progressive-custom-properties@^2.0.0":
  "integrity" "sha512-tRX1rinsXajZlc4WiU7s9Y6O9EdSHScT997zDsvDUjQ1oZL2nvnL6Bt0s9KyQZZTdC3lrG2PIdBqdOIWXSEPlQ=="
  "resolved" "https://registry.npmjs.org/@csstools/postcss-progressive-custom-properties/-/postcss-progressive-custom-properties-2.1.0.tgz"
  "version" "2.1.0"
  dependencies:
    "postcss-value-parser" "^4.2.0"

"@csstools/postcss-scope-pseudo-class@^2.0.0":
  "integrity" "sha512-6Pvo4uexUCXt+Hz5iUtemQAcIuCYnL+ePs1khFR6/xPgC92aQLJ0zGHonWoewiBE+I++4gXK3pr+R1rlOFHe5w=="
  "resolved" "https://registry.npmjs.org/@csstools/postcss-scope-pseudo-class/-/postcss-scope-pseudo-class-2.0.2.tgz"
  "version" "2.0.2"
  dependencies:
    "postcss-selector-parser" "^6.0.10"

"@csstools/postcss-stepped-value-functions@^2.0.0":
  "integrity" "sha512-CkEo9BF8fQeMoXW3biXjlgTLY7PA4UFihn6leq7hPoRzIguLUI0WZIVgsITGXfX8LXmkhCSTjXO2DLYu/LUixQ=="
  "resolved" "https://registry.npmjs.org/@csstools/postcss-stepped-value-functions/-/postcss-stepped-value-functions-2.1.0.tgz"
  "version" "2.1.0"
  dependencies:
    "@csstools/css-calc" "^1.0.0"
    "@csstools/css-parser-algorithms" "^2.0.1"
    "@csstools/css-tokenizer" "^2.0.1"

"@csstools/postcss-text-decoration-shorthand@^2.0.0":
  "integrity" "sha512-Ow6/cWWdjjVvA83mkm3kLRvvWsbzoe1AbJCxkpC+c9ibUjyS8pifm+LpZslQUKcxRVQ69ztKHDBEbFGTDhNeUw=="
  "resolved" "https://registry.npmjs.org/@csstools/postcss-text-decoration-shorthand/-/postcss-text-decoration-shorthand-2.2.1.tgz"
  "version" "2.2.1"
  dependencies:
    "@csstools/color-helpers" "^1.0.0"
    "postcss-value-parser" "^4.2.0"

"@csstools/postcss-trigonometric-functions@^2.0.0":
  "integrity" "sha512-uGmmVWGHozyWe6+I4w321fKUC034OB1OYW0ZP4ySHA23n+r9y93K+1yrmW+hThpSfApKhaWySoD4I71LLlFUYQ=="
  "resolved" "https://registry.npmjs.org/@csstools/postcss-trigonometric-functions/-/postcss-trigonometric-functions-2.0.1.tgz"
  "version" "2.0.1"
  dependencies:
    "postcss-value-parser" "^4.2.0"

"@csstools/postcss-unset-value@^2.0.0":
  "integrity" "sha512-oJ9Xl29/yU8U7/pnMJRqAZd4YXNCfGEdcP4ywREuqm/xMqcgDNDppYRoCGDt40aaZQIEKBS79LytUDN/DHf0Ew=="
  "resolved" "https://registry.npmjs.org/@csstools/postcss-unset-value/-/postcss-unset-value-2.0.1.tgz"
  "version" "2.0.1"

"@csstools/selector-specificity@^2.0.0", "@csstools/selector-specificity@^2.0.1", "@csstools/selector-specificity@^2.0.2":
  "integrity" "sha512-jwx+WCqszn53YHOfvFMJJRd/B2GqkCBt+1MJSG6o5/s8+ytHMvDZXsJgUEWLk12UnLd7HYKac4BYU5i/Ron1Cw=="
  "resolved" "https://registry.npmjs.org/@csstools/selector-specificity/-/selector-specificity-2.1.1.tgz"
  "version" "2.1.1"

"autoprefixer@^10.4.13":
  "integrity" "sha512-FQzyfOsTlwVzjHxKEqRIAdJx9niO6VCBCoEwax/VLSoQF29ggECcPuBqUMZ+u8jCZOPSy8b8/8KnuFbp0SaFZQ=="
  "resolved" "https://registry.npmjs.org/autoprefixer/-/autoprefixer-10.4.14.tgz"
  "version" "10.4.14"
  dependencies:
    "browserslist" "^4.21.5"
    "caniuse-lite" "^1.0.30001464"
    "fraction.js" "^4.2.0"
    "normalize-range" "^0.1.2"
    "picocolors" "^1.0.0"
    "postcss-value-parser" "^4.2.0"

"browserslist@^4.21.4", "browserslist@^4.21.5", "browserslist@>= 4.21.0":
  "integrity" "sha512-tUkiguQGW7S3IhB7N+c2MV/HZPSCPAAiYBZXLsBhFB/PCy6ZKKsZrmBayHV9fdGV/ARIfJ14NkxKzRDjvp7L6w=="
  "resolved" "https://registry.npmjs.org/browserslist/-/browserslist-4.21.5.tgz"
  "version" "4.21.5"
  dependencies:
    "caniuse-lite" "^1.0.30001449"
    "electron-to-chromium" "^1.4.284"
    "node-releases" "^2.0.8"
    "update-browserslist-db" "^1.0.10"

"caniuse-lite@^1.0.30001449", "caniuse-lite@^1.0.30001464":
  "integrity" "sha512-cEdN/5e+RPikvl9AHm4uuLXxeCNq8rFsQ+lPHTfe/OtypP3WwnVVbjn+6uBV7PaFL6xUFzTh+sSCOz1rKhcO+Q=="
  "resolved" "https://registry.npmjs.org/caniuse-lite/-/caniuse-lite-1.0.30001467.tgz"
  "version" "1.0.30001467"

"css-blank-pseudo@^5.0.0":
  "integrity" "sha512-aCU4AZ7uEcVSUzagTlA9pHciz7aWPKA/YzrEkpdSopJ2pvhIxiQ5sYeMz1/KByxlIo4XBdvMNJAVKMg/GRnhfw=="
  "resolved" "https://registry.npmjs.org/css-blank-pseudo/-/css-blank-pseudo-5.0.2.tgz"
  "version" "5.0.2"
  dependencies:
    "postcss-selector-parser" "^6.0.10"

"css-has-pseudo@^5.0.0":
  "integrity" "sha512-q+U+4QdwwB7T9VEW/LyO6CFrLAeLqOykC5mDqJXc7aKZAhDbq7BvGT13VGJe+IwBfdN2o3Xdw2kJ5IxwV1Sc9Q=="
  "resolved" "https://registry.npmjs.org/css-has-pseudo/-/css-has-pseudo-5.0.2.tgz"
  "version" "5.0.2"
  dependencies:
    "@csstools/selector-specificity" "^2.0.1"
    "postcss-selector-parser" "^6.0.10"
    "postcss-value-parser" "^4.2.0"

"css-prefers-color-scheme@^8.0.0":
  "integrity" "sha512-OvFghizHJ45x7nsJJUSYLyQNTzsCU8yWjxAc/nhPQg1pbs18LMoET8N3kOweFDPy0JV0OSXN2iqRFhPBHYOeMA=="
  "resolved" "https://registry.npmjs.org/css-prefers-color-scheme/-/css-prefers-color-scheme-8.0.2.tgz"
  "version" "8.0.2"

"cssdb@^7.4.0":
  "integrity" "sha512-0Q8NOMpXJ3iTDDbUv9grcmQAfdDx4qz+fN/+Md2FGbevT+6+bJNQ2LjB2YIUlLbpBTM32idU1Sb+tb/uGt6/XQ=="
  "resolved" "https://registry.npmjs.org/cssdb/-/cssdb-7.4.1.tgz"
  "version" "7.4.1"

"cssesc@^3.0.0":
  "integrity" "sha512-/Tb/JcjK111nNScGob5MNtsntNM1aCNUDipB/TkwZFhyDrrE47SOx/18wF2bbjgc3ZzCSKW1T5nt5EbFoAz/Vg=="
  "resolved" "https://registry.npmjs.org/cssesc/-/cssesc-3.0.0.tgz"
  "version" "3.0.0"

"electron-to-chromium@^1.4.284":
  "integrity" "sha512-c1Vbv5tuUlBFp0mb3mCIjw+REEsgthRgNE8BlbEDKmvzb8rxjcVki6OkQP83vLN34s0XCxpSkq7AZNep1a6xhw=="
  "resolved" "https://registry.npmjs.org/electron-to-chromium/-/electron-to-chromium-1.4.332.tgz"
  "version" "1.4.332"

"escalade@^3.1.1":
  "integrity" "sha512-k0er2gUkLf8O0zKJiAhmkTnJlTvINGv7ygDNPbeIsX/TJjGJZHuh9B2UxbsaEkmlEo9MfhrSzmhIlhRlI2GXnw=="
  "resolved" "https://registry.npmjs.org/escalade/-/escalade-3.1.1.tgz"
  "version" "3.1.1"

"fraction.js@^4.2.0":
  "integrity" "sha512-MhLuK+2gUcnZe8ZHlaaINnQLl0xRIGRfcGk2yl8xoQAfHrSsL3rYu6FCmBdkdbhc9EPlwyGHewaRsvwRMJtAlA=="
  "resolved" "https://registry.npmjs.org/fraction.js/-/fraction.js-4.2.0.tgz"
  "version" "4.2.0"

"nanoid@^3.3.4":
  "integrity" "sha512-MqBkQh/OHTS2egovRtLk45wEyNXwF+cokD+1YPf9u5VfJiRdAiRwB2froX5Co9Rh20xs4siNPm8naNotSD6RBw=="
  "resolved" "https://registry.npmjs.org/nanoid/-/nanoid-3.3.4.tgz"
  "version" "3.3.4"

"node-releases@^2.0.8":
  "integrity" "sha512-5GFldHPXVG/YZmFzJvKK2zDSzPKhEp0+ZR5SVaoSag9fsL5YgHbUHDfnG5494ISANDcK4KwPXAx2xqVEydmd7w=="
  "resolved" "https://registry.npmjs.org/node-releases/-/node-releases-2.0.10.tgz"
  "version" "2.0.10"

"normalize-range@^0.1.2":
  "integrity" "sha512-bdok/XvKII3nUpklnV6P2hxtMNrCboOjAcyBuQnWEhO665FwrSNRxU+AqpsyvO6LgGYPspN+lu5CLtw4jPRKNA=="
  "resolved" "https://registry.npmjs.org/normalize-range/-/normalize-range-0.1.2.tgz"
  "version" "0.1.2"

"picocolors@^1.0.0":
  "integrity" "sha512-1fygroTLlHu66zi26VoTDv8yRgm0Fccecssto+MhsZ0D/DGW2sm8E8AjW7NU5VVTRt5GxbeZ5qBuJr+HyLYkjQ=="
  "resolved" "https://registry.npmjs.org/picocolors/-/picocolors-1.0.0.tgz"
  "version" "1.0.0"

"postcss-attribute-case-insensitive@^6.0.0":
  "integrity" "sha512-IRuCwwAAQbgaLhxQdQcIIK0dCVXg3XDUnzgKD8iwdiYdwU4rMWRWyl/W9/0nA4ihVpq5pyALiHB2veBJ0292pw=="
  "resolved" "https://registry.npmjs.org/postcss-attribute-case-insensitive/-/postcss-attribute-case-insensitive-6.0.2.tgz"
  "version" "6.0.2"
  dependencies:
    "postcss-selector-parser" "^6.0.10"

"postcss-clamp@^4.1.0":
  "integrity" "sha512-ry4b1Llo/9zz+PKC+030KUnPITTJAHeOwjfAyyB60eT0AorGLdzp52s31OsPRHRf8NchkgFoG2y6fCfn1IV1Ow=="
  "resolved" "https://registry.npmjs.org/postcss-clamp/-/postcss-clamp-4.1.0.tgz"
  "version" "4.1.0"
  dependencies:
    "postcss-value-parser" "^4.2.0"

"postcss-color-functional-notation@^5.0.0":
  "integrity" "sha512-M6ygxWOyd6eWf3sd1Lv8xi4SeF4iBPfJvkfMU4ITh8ExJc1qhbvh/U8Cv/uOvBgUVOMDdScvCdlg8+hREQzs7w=="
  "resolved" "https://registry.npmjs.org/postcss-color-functional-notation/-/postcss-color-functional-notation-5.0.2.tgz"
  "version" "5.0.2"
  dependencies:
    "postcss-value-parser" "^4.2.0"

"postcss-color-hex-alpha@^9.0.0":
  "integrity" "sha512-SfPjgr//VQ/DOCf80STIAsdAs7sbIbxATvVmd+Ec7JvR8onz9pjawhq3BJM3Pie40EE3TyB0P6hft16D33Nlyg=="
  "resolved" "https://registry.npmjs.org/postcss-color-hex-alpha/-/postcss-color-hex-alpha-9.0.2.tgz"
  "version" "9.0.2"
  dependencies:
    "postcss-value-parser" "^4.2.0"

"postcss-color-rebeccapurple@^8.0.0":
  "integrity" "sha512-xWf/JmAxVoB5bltHpXk+uGRoGFwu4WDAR7210el+iyvTdqiKpDhtcT8N3edXMoVJY0WHFMrKMUieql/wRNiXkw=="
  "resolved" "https://registry.npmjs.org/postcss-color-rebeccapurple/-/postcss-color-rebeccapurple-8.0.2.tgz"
  "version" "8.0.2"
  dependencies:
    "postcss-value-parser" "^4.2.0"

"postcss-custom-media@^9.1.0":
  "integrity" "sha512-osM9g4UKq4XKimAC7RAXroqi3BXpxfwTswAJQiZdrBjWGFGEyxQrY5H2eDWI8F+MEvEUfYDxA8scqi3QWROCSw=="
  "resolved" "https://registry.npmjs.org/postcss-custom-media/-/postcss-custom-media-9.1.2.tgz"
  "version" "9.1.2"
  dependencies:
    "@csstools/cascade-layer-name-parser" "^1.0.0"
    "@csstools/css-parser-algorithms" "^2.0.0"
    "@csstools/css-tokenizer" "^2.0.0"
    "@csstools/media-query-list-parser" "^2.0.0"

"postcss-custom-properties@^13.1.0":
  "integrity" "sha512-iSAdaZrM3KMec8cOSzeTUNXPYDlhqsMJHpt62yrjwG6nAnMtRHPk5JdMzGosBJtqEahDolvD5LNbcq+EZ78o5g=="
  "resolved" "https://registry.npmjs.org/postcss-custom-properties/-/postcss-custom-properties-13.1.4.tgz"
  "version" "13.1.4"
  dependencies:
    "@csstools/cascade-layer-name-parser" "^1.0.0"
    "@csstools/css-parser-algorithms" "^2.0.0"
    "@csstools/css-tokenizer" "^2.0.0"
    "postcss-value-parser" "^4.2.0"

"postcss-custom-selectors@^7.1.0":
  "integrity" "sha512-jX7VlE3jrgfBIOfxiGNRFq81xUoHSZhvxhQurzE7ZFRv+bUmMwB7/XnA0nNlts2CwNtbXm4Ozy0ZAYKHlCRmBQ=="
  "resolved" "https://registry.npmjs.org/postcss-custom-selectors/-/postcss-custom-selectors-7.1.2.tgz"
  "version" "7.1.2"
  dependencies:
    "@csstools/cascade-layer-name-parser" "^1.0.0"
    "@csstools/css-parser-algorithms" "^2.0.0"
    "@csstools/css-tokenizer" "^2.0.0"
    "postcss-selector-parser" "^6.0.4"

"postcss-dir-pseudo-class@^7.0.0":
  "integrity" "sha512-cMnslilYxBf9k3qejnovrUONZx1rXeUZJw06fgIUBzABJe3D2LiLL5WAER7Imt3nrkaIgG05XZBztueLEf5P8w=="
  "resolved" "https://registry.npmjs.org/postcss-dir-pseudo-class/-/postcss-dir-pseudo-class-7.0.2.tgz"
  "version" "7.0.2"
  dependencies:
    "postcss-selector-parser" "^6.0.10"

"postcss-double-position-gradients@^4.0.0":
  "integrity" "sha512-GXL1RmFREDK4Q9aYvI2RhVrA6a6qqSMQQ5ke8gSH1xgV6exsqbcJpIumC7AOgooH6/WIG3/K/T8xxAiVHy/tJg=="
  "resolved" "https://registry.npmjs.org/postcss-double-position-gradients/-/postcss-double-position-gradients-4.0.2.tgz"
  "version" "4.0.2"
  dependencies:
    "@csstools/postcss-progressive-custom-properties" "^2.0.0"
    "postcss-value-parser" "^4.2.0"

"postcss-focus-visible@^8.0.0":
  "integrity" "sha512-f/Vd+EC/GaKElknU59esVcRYr/Y3t1ZAQyL4u2xSOgkDy4bMCmG7VP5cGvj3+BTLNE9ETfEuz2nnt4qkZwTTeA=="
  "resolved" "https://registry.npmjs.org/postcss-focus-visible/-/postcss-focus-visible-8.0.2.tgz"
  "version" "8.0.2"
  dependencies:
    "postcss-selector-parser" "^6.0.10"

"postcss-focus-within@^7.0.0":
  "integrity" "sha512-AHAJ89UQBcqBvFgQJE9XasGuwMNkKsGj4D/f9Uk60jFmEBHpAL14DrnSk3Rj+SwZTr/WUG+mh+Rvf8fid/346w=="
  "resolved" "https://registry.npmjs.org/postcss-focus-within/-/postcss-focus-within-7.0.2.tgz"
  "version" "7.0.2"
  dependencies:
    "postcss-selector-parser" "^6.0.10"

"postcss-font-variant@^5.0.0":
  "integrity" "sha512-1fmkBaCALD72CK2a9i468mA/+tr9/1cBxRRMXOUaZqO43oWPR5imcyPjXwuv7PXbCid4ndlP5zWhidQVVa3hmA=="
  "resolved" "https://registry.npmjs.org/postcss-font-variant/-/postcss-font-variant-5.0.0.tgz"
  "version" "5.0.0"

"postcss-gap-properties@^4.0.0":
  "integrity" "sha512-V5OuQGw4lBumPlwHWk/PRfMKjaq/LTGR4WDTemIMCaMevArVfCCA9wBJiL1VjDAd+rzuCIlkRoRvDsSiAaZ4Fg=="
  "resolved" "https://registry.npmjs.org/postcss-gap-properties/-/postcss-gap-properties-4.0.1.tgz"
  "version" "4.0.1"

"postcss-image-set-function@^5.0.0":
  "integrity" "sha512-Sszjwo0ubETX0Fi5MvpYzsONwrsjeabjMoc5YqHvURFItXgIu3HdCjcVuVKGMPGzKRhgaknmdM5uVWInWPJmeg=="
  "resolved" "https://registry.npmjs.org/postcss-image-set-function/-/postcss-image-set-function-5.0.2.tgz"
  "version" "5.0.2"
  dependencies:
    "postcss-value-parser" "^4.2.0"

"postcss-initial@^4.0.1":
  "integrity" "sha512-0ueD7rPqX8Pn1xJIjay0AZeIuDoF+V+VvMt/uOnn+4ezUKhZM/NokDeP6DwMNyIoYByuN/94IQnt5FEkaN59xQ=="
  "resolved" "https://registry.npmjs.org/postcss-initial/-/postcss-initial-4.0.1.tgz"
  "version" "4.0.1"

"postcss-lab-function@^5.0.0":
  "integrity" "sha512-iZApRTNcpc71uTn7PkzjHtj5cmuZpvu6okX4jHnM5OFi2fG97sodjxkq6SpL65xhW0NviQrAMSX97ntyGVRV0w=="
  "resolved" "https://registry.npmjs.org/postcss-lab-function/-/postcss-lab-function-5.1.0.tgz"
  "version" "5.1.0"
  dependencies:
    "@csstools/color-helpers" "^1.0.0"
    "@csstools/postcss-progressive-custom-properties" "^2.0.0"
    "postcss-value-parser" "^4.2.0"

"postcss-logical@^6.0.0":
  "integrity" "sha512-qb1+LpClhYjxac8SfOcWotnY3unKZesDqIOm+jnGt8rTl7xaIWpE2bPGZHxflOip1E/4ETo79qlJyRL3yrHn1g=="
  "resolved" "https://registry.npmjs.org/postcss-logical/-/postcss-logical-6.1.0.tgz"
  "version" "6.1.0"
  dependencies:
    "postcss-value-parser" "^4.2.0"

"postcss-media-minmax@^5.0.0":
  "integrity" "sha512-yDUvFf9QdFZTuCUg0g0uNSHVlJ5X1lSzDZjPSFaiCWvjgsvu8vEVxtahPrLMinIDEEGnx6cBe6iqdx5YWz08wQ=="
  "resolved" "https://registry.npmjs.org/postcss-media-minmax/-/postcss-media-minmax-5.0.0.tgz"
  "version" "5.0.0"

"postcss-nesting@^11.0.0":
  "integrity" "sha512-E6Jq74Jo/PbRAtZioON54NPhUNJYxVWhwxbweYl1vAoBYuGlDIts5yhtKiZFLvkvwT73e/9nFrW3oMqAtgG+GQ=="
  "resolved" "https://registry.npmjs.org/postcss-nesting/-/postcss-nesting-11.2.1.tgz"
  "version" "11.2.1"
  dependencies:
    "@csstools/selector-specificity" "^2.0.0"
    "postcss-selector-parser" "^6.0.10"

"postcss-opacity-percentage@^1.1.3":
  "integrity" "sha512-An6Ba4pHBiDtyVpSLymUUERMo2cU7s+Obz6BTrS+gxkbnSBNKSuD0AVUc+CpBMrpVPKKfoVz0WQCX+Tnst0i4A=="
  "resolved" "https://registry.npmjs.org/postcss-opacity-percentage/-/postcss-opacity-percentage-1.1.3.tgz"
  "version" "1.1.3"

"postcss-overflow-shorthand@^4.0.0":
  "integrity" "sha512-HQZ0qi/9iSYHW4w3ogNqVNr2J49DHJAl7r8O2p0Meip38jsdnRPgiDW7r/LlLrrMBMe3KHkvNtAV2UmRVxzLIg=="
  "resolved" "https://registry.npmjs.org/postcss-overflow-shorthand/-/postcss-overflow-shorthand-4.0.1.tgz"
  "version" "4.0.1"
  dependencies:
    "postcss-value-parser" "^4.2.0"

"postcss-page-break@^3.0.4":
  "integrity" "sha512-1JGu8oCjVXLa9q9rFTo4MbeeA5FMe00/9C7lN4va606Rdb+HkxXtXsmEDrIraQ11fGz/WvKWa8gMuCKkrXpTsQ=="
  "resolved" "https://registry.npmjs.org/postcss-page-break/-/postcss-page-break-3.0.4.tgz"
  "version" "3.0.4"

"postcss-place@^8.0.0":
  "integrity" "sha512-Ow2LedN8sL4pq8ubukO77phSVt4QyCm35ZGCYXKvRFayAwcpgB0sjNJglDoTuRdUL32q/ZC1VkPBo0AOEr4Uiw=="
  "resolved" "https://registry.npmjs.org/postcss-place/-/postcss-place-8.0.1.tgz"
  "version" "8.0.1"
  dependencies:
    "postcss-value-parser" "^4.2.0"

"postcss-preset-env@^8.0.1":
  "integrity" "sha512-IUbymw0JlUbyVG+I85963PNWgPp3KhnFa1sxU7M/2dGthxV8e297P0VV5W9XcyypoH4hirH2fp1c6fmqh6YnSg=="
  "resolved" "https://registry.npmjs.org/postcss-preset-env/-/postcss-preset-env-8.0.1.tgz"
  "version" "8.0.1"
  dependencies:
    "@csstools/postcss-cascade-layers" "^3.0.0"
    "@csstools/postcss-color-function" "^2.0.0"
    "@csstools/postcss-font-format-keywords" "^2.0.0"
    "@csstools/postcss-hwb-function" "^2.0.0"
    "@csstools/postcss-ic-unit" "^2.0.0"
    "@csstools/postcss-is-pseudo-class" "^3.0.0"
    "@csstools/postcss-logical-float-and-clear" "^1.0.0"
    "@csstools/postcss-logical-resize" "^1.0.0"
    "@csstools/postcss-logical-viewport-units" "^1.0.0"
    "@csstools/postcss-media-queries-aspect-ratio-number-values" "^1.0.0"
    "@csstools/postcss-nested-calc" "^2.0.0"
    "@csstools/postcss-normalize-display-values" "^2.0.0"
    "@csstools/postcss-oklab-function" "^2.0.0"
    "@csstools/postcss-progressive-custom-properties" "^2.0.0"
    "@csstools/postcss-scope-pseudo-class" "^2.0.0"
    "@csstools/postcss-stepped-value-functions" "^2.0.0"
    "@csstools/postcss-text-decoration-shorthand" "^2.0.0"
    "@csstools/postcss-trigonometric-functions" "^2.0.0"
    "@csstools/postcss-unset-value" "^2.0.0"
    "autoprefixer" "^10.4.13"
    "browserslist" "^4.21.4"
    "css-blank-pseudo" "^5.0.0"
    "css-has-pseudo" "^5.0.0"
    "css-prefers-color-scheme" "^8.0.0"
    "cssdb" "^7.4.0"
    "postcss-attribute-case-insensitive" "^6.0.0"
    "postcss-clamp" "^4.1.0"
    "postcss-color-functional-notation" "^5.0.0"
    "postcss-color-hex-alpha" "^9.0.0"
    "postcss-color-rebeccapurple" "^8.0.0"
    "postcss-custom-media" "^9.1.0"
    "postcss-custom-properties" "^13.1.0"
    "postcss-custom-selectors" "^7.1.0"
    "postcss-dir-pseudo-class" "^7.0.0"
    "postcss-double-position-gradients" "^4.0.0"
    "postcss-focus-visible" "^8.0.0"
    "postcss-focus-within" "^7.0.0"
    "postcss-font-variant" "^5.0.0"
    "postcss-gap-properties" "^4.0.0"
    "postcss-image-set-function" "^5.0.0"
    "postcss-initial" "^4.0.1"
    "postcss-lab-function" "^5.0.0"
    "postcss-logical" "^6.0.0"
    "postcss-media-minmax" "^5.0.0"
    "postcss-nesting" "^11.0.0"
    "postcss-opacity-percentage" "^1.1.3"
    "postcss-overflow-shorthand" "^4.0.0"
    "postcss-page-break" "^3.0.4"
    "postcss-place" "^8.0.0"
    "postcss-pseudo-class-any-link" "^8.0.0"
    "postcss-replace-overflow-wrap" "^4.0.0"
    "postcss-selector-not" "^7.0.0"
    "postcss-value-parser" "^4.2.0"

"postcss-pseudo-class-any-link@^8.0.0":
  "integrity" "sha512-FYTIuRE07jZ2CW8POvctRgArQJ43yxhr5vLmImdKUvjFCkR09kh8pIdlCwdx/jbFm7MiW4QP58L4oOUv3grQYA=="
  "resolved" "https://registry.npmjs.org/postcss-pseudo-class-any-link/-/postcss-pseudo-class-any-link-8.0.2.tgz"
  "version" "8.0.2"
  dependencies:
    "postcss-selector-parser" "^6.0.10"

"postcss-replace-overflow-wrap@^4.0.0":
  "integrity" "sha512-KmF7SBPphT4gPPcKZc7aDkweHiKEEO8cla/GjcBK+ckKxiZslIu3C4GCRW3DNfL0o7yW7kMQu9xlZ1kXRXLXtw=="
  "resolved" "https://registry.npmjs.org/postcss-replace-overflow-wrap/-/postcss-replace-overflow-wrap-4.0.0.tgz"
  "version" "4.0.0"

"postcss-selector-not@^7.0.0":
  "integrity" "sha512-1zT5C27b/zeJhchN7fP0kBr16Cc61mu7Si9uWWLoA3Px/D9tIJPKchJCkUH3tPO5D0pCFmGeApAv8XpXBQJ8SQ=="
  "resolved" "https://registry.npmjs.org/postcss-selector-not/-/postcss-selector-not-7.0.1.tgz"
  "version" "7.0.1"
  dependencies:
    "postcss-selector-parser" "^6.0.10"

"postcss-selector-parser@^6.0.10", "postcss-selector-parser@^6.0.4":
  "integrity" "sha512-zbARubNdogI9j7WY4nQJBiNqQf3sLS3wCP4WfOidu+p28LofJqDH1tcXypGrcmMHhDk2t9wGhCsYe/+szLTy1g=="
  "resolved" "https://registry.npmjs.org/postcss-selector-parser/-/postcss-selector-parser-6.0.11.tgz"
  "version" "6.0.11"
  dependencies:
    "cssesc" "^3.0.0"
    "util-deprecate" "^1.0.2"

"postcss-value-parser@^4.2.0":
  "integrity" "sha512-1NNCs6uurfkVbeXG4S8JFT9t19m45ICnif8zWLd5oPSZ50QnwMfK+H3jv408d4jw/7Bttv5axS5IiHoLaVNHeQ=="
  "resolved" "https://registry.npmjs.org/postcss-value-parser/-/postcss-value-parser-4.2.0.tgz"
  "version" "4.2.0"

"postcss@^8", "postcss@^8.0.0", "postcss@^8.0.3", "postcss@^8.1.0", "postcss@^8.2", "postcss@^8.4", "postcss@^8.4.6":
  "integrity" "sha512-tP7u/Sn/dVxK2NnruI4H9BG+x+Wxz6oeZ1cJ8P6G/PZY0IKk4k/63TDsQf2kQq3+qoJeLm2kIBUNlZe3zgb4Zg=="
  "resolved" "https://registry.npmjs.org/postcss/-/postcss-8.4.21.tgz"
  "version" "8.4.21"
  dependencies:
    "nanoid" "^3.3.4"
    "picocolors" "^1.0.0"
    "source-map-js" "^1.0.2"

"source-map-js@^1.0.2":
  "integrity" "sha512-R0XvVJ9WusLiqTCEiGCmICCMplcCkIwwR11mOSD9CR5u+IXYdiseeEuXCVAjS54zqwkLcPNnmU4OeJ6tUrWhDw=="
  "resolved" "https://registry.npmjs.org/source-map-js/-/source-map-js-1.0.2.tgz"
  "version" "1.0.2"

"update-browserslist-db@^1.0.10":
  "integrity" "sha512-OztqDenkfFkbSG+tRxBeAnCVPckDBcvibKd35yDONx6OU8N7sqgwc7rCbkJ/WcYtVRZ4ba68d6byhC21GFh7sQ=="
  "resolved" "https://registry.npmjs.org/update-browserslist-db/-/update-browserslist-db-1.0.10.tgz"
  "version" "1.0.10"
  dependencies:
    "escalade" "^3.1.1"
    "picocolors" "^1.0.0"

"util-deprecate@^1.0.2":
  "integrity" "sha512-EPD5q1uXyFxJpCrLnCc1nHnq3gOa6DZBocAIiI2TaSCA7VCJ1UJDMagCzIkXNsUYfD1daK//LTEQ8xiIbrHtcw=="
  "resolved" "https://registry.npmjs.org/util-deprecate/-/util-deprecate-1.0.2.tgz"
  "version" "1.0.2"
